
Microsoft Visual Studio Solution File, Format Version 12.00
# Visual Studio Version 16
VisualStudioVersion = 16.0.30717.126
MinimumVisualStudioVersion = 10.0.40219.1
Project("{9A19103F-16F7-4668-BE54-9A1E7A4F7556}") = "HomeWork", "HomeWork.csproj", "{2A3AFC37-5A8B-4776-A949-0AB47C9B77E5}"
EndProject
Project("{00D1A9C2-B5F0-4AF3-8072-F6C62B433612}") = "Database", "..\Database\Database.sqlproj", "{70D76BC1-FE5D-4CCA-8EEC-D8A8B7E0B505}"
EndProject
Project("{FAE04EC0-301F-11D3-BF4B-00C04F79EFBC}") = "ConsoleApp1", "..\ConsoleApp1\ConsoleApp1.csproj", "{E64CA0FB-A283-406F-93F0-DCD2064383E0}"
EndProject
Global
	GlobalSection(SolutionConfigurationPlatforms) = preSolution
		Debug|Any CPU = Debug|Any CPU
		Release|Any CPU = Release|Any CPU
	EndGlobalSection
	GlobalSection(ProjectConfigurationPlatforms) = postSolution
		{2A3AFC37-5A8B-4776-A949-0AB47C9B77E5}.Debug|Any CPU.ActiveCfg = Debug|Any CPU
		{2A3AFC37-5A8B-4776-A949-0AB47C9B77E5}.Debug|Any CPU.Build.0 = Debug|Any CPU
		{2A3AFC37-5A8B-4776-A949-0AB47C9B77E5}.Release|Any CPU.ActiveCfg = Release|Any CPU
		{2A3AFC37-5A8B-4776-A949-0AB47C9B77E5}.Release|Any CPU.Build.0 = Release|Any CPU
		{70D76BC1-FE5D-4CCA-8EEC-D8A8B7E0B505}.Debug|Any CPU.ActiveCfg = Debug|Any CPU
		{70D76BC1-FE5D-4CCA-8EEC-D8A8B7E0B505}.Debug|Any CPU.Build.0 = Debug|Any CPU
		{70D76BC1-FE5D-4CCA-8EEC-D8A8B7E0B505}.Debug|Any CPU.Deploy.0 = Debug|Any CPU
		{70D76BC1-FE5D-4CCA-8EEC-D8A8B7E0B505}.Release|Any CPU.ActiveCfg = Release|Any CPU
		{70D76BC1-FE5D-4CCA-8EEC-D8A8B7E0B505}.Release|Any CPU.Build.0 = Release|Any CPU
		{70D76BC1-FE5D-4CCA-8EEC-D8A8B7E0B505}.Release|Any CPU.Deploy.0 = Release|Any CPU
		{E64CA0FB-A283-406F-93F0-DCD2064383E0}.Debug|Any CPU.ActiveCfg = Debug|Any CPU
		{E64CA0FB-A283-406F-93F0-DCD2064383E0}.Debug|Any CPU.Build.0 = Debug|Any CPU
		{E64CA0FB-A283-406F-93F0-DCD2064383E0}.Release|Any CPU.ActiveCfg = Release|Any CPU
		{E64CA0FB-A283-406F-93F0-DCD2064383E0}.Release|Any CPU.Build.0 = Release|Any CPU
	EndGlobalSection
	GlobalSection(SolutionProperties) = preSolution
		HideSolutionNode = FALSE
	EndGlobalSection
	GlobalSection(ExtensibilityGlobals) = postSolution
		SolutionGuid = {BB41D908-FDE7-4A75-BD84-E71920DCBB7A}
	EndGlobalSection
EndGlobal
